PODS:
  - Alamofire (4.5.1)
  - Kingfisher (4.0.1)

DEPENDENCIES:
  - Alamofire
  - Kingfisher (~> 4.0)

SPEC CHECKSUMS:
  Alamofire: 2d95912bf4c34f164fdfc335872e8c312acaea4a
  Kingfisher: b771785e9461ed4b8686d40e7145f9e58100cb24

PODFILE CHECKSUM: 5814574af2e3d196f5989424c31a2cbfb3848883

COCOAPODS: 1.3.1
